
Microsoft Visual Studio Solution File, Format Version 12.00
# Visual Studio 15
VisualStudioVersion = 15.0.28307.705
MinimumVisualStudioVersion = 10.0.40219.1
Project("{8BC9CEB8-8B4A-11D0-8D11-00A0C91BC942}") = "GLFWDEMO", "GLFWDEMO\GLFWDEMO.vcxproj", "{CAAF6AC0-F83F-4748-A75A-3084F35D8840}"
EndProject
Project("{8BC9CEB8-8B4A-11D0-8D11-00A0C91BC942}") = "glfwLighting", "glfwLighting\glfwLighting.vcxproj", "{A02ED607-2990-456E-A4D1-FB485486DA0D}"
EndProject
Project("{8BC9CEB8-8B4A-11D0-8D11-00A0C91BC942}") = "glfwModel", "glfwModel\glfwModel.vcxproj", "{6EE74CE1-438C-4E8D-B55A-7424C2FC60FD}"
EndProject
Project("{8BC9CEB8-8B4A-11D0-8D11-00A0C91BC942}") = "glfwStencilTest", "glfwStencilTest\glfwStencilTest.vcxproj", "{D99A071D-2190-4502-BF4A-BB5CA7B92D44}"
EndProject
Project("{8BC9CEB8-8B4A-11D0-8D11-00A0C91BC942}") = "glfwFrameBuffers", "glfwFrameBuffers\glfwFrameBuffers.vcxproj", "{43B5FC52-08B1-4061-936D-F785EDDBB7DC}"
EndProject
Project("{8BC9CEB8-8B4A-11D0-8D11-00A0C91BC942}") = "Cubemaps", "Cubemaps\Cubemaps.vcxproj", "{14D78366-F41A-4A58-80A8-AD7251229A70}"
EndProject
Project("{8BC9CEB8-8B4A-11D0-8D11-00A0C91BC942}") = "GeometryShader", "GeometryShader\GeometryShader.vcxproj", "{3CEFBF07-57F2-4155-AF9C-D6FCAA8FA697}"
EndProject
Global
	GlobalSection(SolutionConfigurationPlatforms) = preSolution
		Debug|x64 = Debug|x64
		Debug|x86 = Debug|x86
		Release|x64 = Release|x64
		Release|x86 = Release|x86
	EndGlobalSection
	GlobalSection(ProjectConfigurationPlatforms) = postSolution
		{CAAF6AC0-F83F-4748-A75A-3084F35D8840}.Debug|x64.ActiveCfg = Debug|x64
		{CAAF6AC0-F83F-4748-A75A-3084F35D8840}.Debug|x64.Build.0 = Debug|x64
		{CAAF6AC0-F83F-4748-A75A-3084F35D8840}.Debug|x86.ActiveCfg = Debug|Win32
		{CAAF6AC0-F83F-4748-A75A-3084F35D8840}.Debug|x86.Build.0 = Debug|Win32
		{CAAF6AC0-F83F-4748-A75A-3084F35D8840}.Release|x64.ActiveCfg = Release|x64
		{CAAF6AC0-F83F-4748-A75A-3084F35D8840}.Release|x64.Build.0 = Release|x64
		{CAAF6AC0-F83F-4748-A75A-3084F35D8840}.Release|x86.ActiveCfg = Release|Win32
		{CAAF6AC0-F83F-4748-A75A-3084F35D8840}.Release|x86.Build.0 = Release|Win32
		{A02ED607-2990-456E-A4D1-FB485486DA0D}.Debug|x64.ActiveCfg = Debug|x64
		{A02ED607-2990-456E-A4D1-FB485486DA0D}.Debug|x64.Build.0 = Debug|x64
		{A02ED607-2990-456E-A4D1-FB485486DA0D}.Debug|x86.ActiveCfg = Debug|Win32
		{A02ED607-2990-456E-A4D1-FB485486DA0D}.Debug|x86.Build.0 = Debug|Win32
		{A02ED607-2990-456E-A4D1-FB485486DA0D}.Release|x64.ActiveCfg = Release|x64
		{A02ED607-2990-456E-A4D1-FB485486DA0D}.Release|x64.Build.0 = Release|x64
		{A02ED607-2990-456E-A4D1-FB485486DA0D}.Release|x86.ActiveCfg = Release|Win32
		{A02ED607-2990-456E-A4D1-FB485486DA0D}.Release|x86.Build.0 = Release|Win32
		{6EE74CE1-438C-4E8D-B55A-7424C2FC60FD}.Debug|x64.ActiveCfg = Debug|x64
		{6EE74CE1-438C-4E8D-B55A-7424C2FC60FD}.Debug|x64.Build.0 = Debug|x64
		{6EE74CE1-438C-4E8D-B55A-7424C2FC60FD}.Debug|x86.ActiveCfg = Debug|Win32
		{6EE74CE1-438C-4E8D-B55A-7424C2FC60FD}.Debug|x86.Build.0 = Debug|Win32
		{6EE74CE1-438C-4E8D-B55A-7424C2FC60FD}.Release|x64.ActiveCfg = Release|x64
		{6EE74CE1-438C-4E8D-B55A-7424C2FC60FD}.Release|x64.Build.0 = Release|x64
		{6EE74CE1-438C-4E8D-B55A-7424C2FC60FD}.Release|x86.ActiveCfg = Release|Win32
		{6EE74CE1-438C-4E8D-B55A-7424C2FC60FD}.Release|x86.Build.0 = Release|Win32
		{D99A071D-2190-4502-BF4A-BB5CA7B92D44}.Debug|x64.ActiveCfg = Debug|x64
		{D99A071D-2190-4502-BF4A-BB5CA7B92D44}.Debug|x64.Build.0 = Debug|x64
		{D99A071D-2190-4502-BF4A-BB5CA7B92D44}.Debug|x86.ActiveCfg = Debug|Win32
		{D99A071D-2190-4502-BF4A-BB5CA7B92D44}.Debug|x86.Build.0 = Debug|Win32
		{D99A071D-2190-4502-BF4A-BB5CA7B92D44}.Release|x64.ActiveCfg = Release|x64
		{D99A071D-2190-4502-BF4A-BB5CA7B92D44}.Release|x64.Build.0 = Release|x64
		{D99A071D-2190-4502-BF4A-BB5CA7B92D44}.Release|x86.ActiveCfg = Release|Win32
		{D99A071D-2190-4502-BF4A-BB5CA7B92D44}.Release|x86.Build.0 = Release|Win32
		{43B5FC52-08B1-4061-936D-F785EDDBB7DC}.Debug|x64.ActiveCfg = Debug|x64
		{43B5FC52-08B1-4061-936D-F785EDDBB7DC}.Debug|x64.Build.0 = Debug|x64
		{43B5FC52-08B1-4061-936D-F785EDDBB7DC}.Debug|x86.ActiveCfg = Debug|Win32
		{43B5FC52-08B1-4061-936D-F785EDDBB7DC}.Debug|x86.Build.0 = Debug|Win32
		{43B5FC52-08B1-4061-936D-F785EDDBB7DC}.Release|x64.ActiveCfg = Release|x64
		{43B5FC52-08B1-4061-936D-F785EDDBB7DC}.Release|x64.Build.0 = Release|x64
		{43B5FC52-08B1-4061-936D-F785EDDBB7DC}.Release|x86.ActiveCfg = Release|Win32
		{43B5FC52-08B1-4061-936D-F785EDDBB7DC}.Release|x86.Build.0 = Release|Win32
		{14D78366-F41A-4A58-80A8-AD7251229A70}.Debug|x64.ActiveCfg = Debug|x64
		{14D78366-F41A-4A58-80A8-AD7251229A70}.Debug|x64.Build.0 = Debug|x64
		{14D78366-F41A-4A58-80A8-AD7251229A70}.Debug|x86.ActiveCfg = Debug|Win32
		{14D78366-F41A-4A58-80A8-AD7251229A70}.Debug|x86.Build.0 = Debug|Win32
		{14D78366-F41A-4A58-80A8-AD7251229A70}.Release|x64.ActiveCfg = Release|x64
		{14D78366-F41A-4A58-80A8-AD7251229A70}.Release|x64.Build.0 = Release|x64
		{14D78366-F41A-4A58-80A8-AD7251229A70}.Release|x86.ActiveCfg = Release|Win32
		{14D78366-F41A-4A58-80A8-AD7251229A70}.Release|x86.Build.0 = Release|Win32
		{3CEFBF07-57F2-4155-AF9C-D6FCAA8FA697}.Debug|x64.ActiveCfg = Debug|x64
		{3CEFBF07-57F2-4155-AF9C-D6FCAA8FA697}.Debug|x64.Build.0 = Debug|x64
		{3CEFBF07-57F2-4155-AF9C-D6FCAA8FA697}.Debug|x86.ActiveCfg = Debug|Win32
		{3CEFBF07-57F2-4155-AF9C-D6FCAA8FA697}.Debug|x86.Build.0 = Debug|Win32
		{3CEFBF07-57F2-4155-AF9C-D6FCAA8FA697}.Release|x64.ActiveCfg = Release|x64
		{3CEFBF07-57F2-4155-AF9C-D6FCAA8FA697}.Release|x64.Build.0 = Release|x64
		{3CEFBF07-57F2-4155-AF9C-D6FCAA8FA697}.Release|x86.ActiveCfg = Release|Win32
		{3CEFBF07-57F2-4155-AF9C-D6FCAA8FA697}.Release|x86.Build.0 = Release|Win32
	EndGlobalSection
	GlobalSection(SolutionProperties) = preSolution
		HideSolutionNode = FALSE
	EndGlobalSection
	GlobalSection(ExtensibilityGlobals) = postSolution
		SolutionGuid = {5CB17E92-6C1C-4766-A8EC-EC60F8BEB48E}
	EndGlobalSection
EndGlobal
